
Microsoft Visual Studio Solution File, Format Version 12.00
# Visual Studio 15
VisualStudioVersion = 15.0.28010.2016
MinimumVisualStudioVersion = 10.0.40219.1
Project("{FAE04EC0-301F-11D3-BF4B-00C04F79EFBC}") = "CopyFileAsync", "CopyFileAsync\CopyFileAsync.csproj", "{DE90034F-A2AD-4A28-9963-FBE81F976230}"
EndProject
Global
	GlobalSection(SolutionConfigurationPlatforms) = preSolution
		Debug|Any CPU = Debug|Any CPU
		Release|Any CPU = Release|Any CPU
	EndGlobalSection
	GlobalSection(ProjectConfigurationPlatforms) = postSolution
		{DE90034F-A2AD-4A28-9963-FBE81F976230}.Debug|Any CPU.ActiveCfg = Debug|Any CPU
		{DE90034F-A2AD-4A28-9963-FBE81F976230}.Debug|Any CPU.Build.0 = Debug|Any CPU
		{DE90034F-A2AD-4A28-9963-FBE81F976230}.Release|Any CPU.ActiveCfg = Release|Any CPU
		{DE90034F-A2AD-4A28-9963-FBE81F976230}.Release|Any CPU.Build.0 = Release|Any CPU
	EndGlobalSection
	GlobalSection(SolutionProperties) = preSolution
		HideSolutionNode = FALSE
	EndGlobalSection
	GlobalSection(ExtensibilityGlobals) = postSolution
		SolutionGuid = {95E5F9D0-23AA-45D7-88A3-811EC4202473}
	EndGlobalSection
EndGlobal
